{
  "requires": true,
  "lockfileVersion": 1,
  "dependencies": {
    "canvas-free-drawing": {
      "version": "2.1.0",
      "resolved": "https://registry.npmjs.org/canvas-free-drawing/-/canvas-free-drawing-2.1.0.tgz",
      "integrity": "sha512-/cHMwuwsWYdFYckYVSBU662cY7tQuEMcZaoX+GZBLVsRphEZFRQFjZpmLtkVPHCv4db+2Pr9vetvEEFkGeOVzA=="
    },
    "perfect-freehand": {
      "version": "1.0.16",
      "resolved": "https://registry.npmjs.org/perfect-freehand/-/perfect-freehand-1.0.16.tgz",
      "integrity": "sha512-D4+avUeR8CHSl2vaPbPYX/dNpSMRYO3VOFp7qSSc+LRkSgzQbLATVnXosy7VxtsSHEh1C5t8K8sfmo0zCVnfWQ=="
    },
    "three": {
      "version": "0.139.2",
      "resolved": "https://registry.npmjs.org/three/-/three-0.139.2.tgz",
      "integrity": "sha512-gV7q7QY8rogu7HLFZR9cWnOQAUedUhu2WXAnpr2kdXZP9YDKsG/0ychwQvWkZN5PlNw9mv5MoCTin6zNTXoONg=="
    },
    "three-ik": {
      "version": "0.1.0",
      "resolved": "https://registry.npmjs.org/three-ik/-/three-ik-0.1.0.tgz",
      "integrity": "sha512-GwYgVSegvRI9/i/YFKxnIT4bn9gN5GtrZbgRRhxvihUccxYfjryrt9Gys5Bqn+ljbM/uF4a8wZETxdLVNAT+fw=="
    }
  }
}
